github.com/gethinode/mod-flexsearch v1.12.1 h1:clkGUWaNPe9Dt/66Apy7oH9NwVQfnD6OpGSLffeC9sY=
github.com/gethinode/mod-flexsearch v1.12.1/go.mod h1:L8hrnpupx27cez2ObMX8gWnhbW6qss4HGH1Ea4UaBRQ=
github.com/tomowang/hugo-theme-tailwind v0.0.0-20250113134511-b2b0b4c61fcd h1:IP1Myi1jdfmFeHia7qgIOG5l9RFuw4ffa3uuh4q1HEY=
github.com/tomowang/hugo-theme-tailwind v0.0.0-20250113134511-b2b0b4c61fcd/go.mod h1:2vPcS0miwS1bq9+bnXTlAnw6yuT0KcM86A5SLyq2O1I=
